
Microsoft Visual Studio Solution File, Format Version 12.00
# Visual Studio Version 17
VisualStudioVersion = 17.5.33424.131
MinimumVisualStudioVersion = 10.0.40219.1
Project("{FAE04EC0-301F-11D3-BF4B-00C04F79EFBC}") = "methodinLINQ", "methodinLINQ\methodinLINQ.csproj", "{D2689F17-1963-40E4-A44D-858F9427E889}"
EndProject
Global
	GlobalSection(SolutionConfigurationPlatforms) = preSolution
		Debug|Any CPU = Debug|Any CPU
		Release|Any CPU = Release|Any CPU
	EndGlobalSection
	GlobalSection(ProjectConfigurationPlatforms) = postSolution
		{D2689F17-1963-40E4-A44D-858F9427E889}.Debug|Any CPU.ActiveCfg = Debug|Any CPU
		{D2689F17-1963-40E4-A44D-858F9427E889}.Debug|Any CPU.Build.0 = Debug|Any CPU
		{D2689F17-1963-40E4-A44D-858F9427E889}.Release|Any CPU.ActiveCfg = Release|Any CPU
		{D2689F17-1963-40E4-A44D-858F9427E889}.Release|Any CPU.Build.0 = Release|Any CPU
	EndGlobalSection
	GlobalSection(SolutionProperties) = preSolution
		HideSolutionNode = FALSE
	EndGlobalSection
	GlobalSection(ExtensibilityGlobals) = postSolution
		SolutionGuid = {82A70628-6767-45B5-9B12-820FFA1D7317}
	EndGlobalSection
EndGlobal
