
Microsoft Visual Studio Solution File, Format Version 12.00
# Visual Studio Version 17
VisualStudioVersion = 17.5.33627.172
MinimumVisualStudioVersion = 10.0.40219.1
Project("{FAE04EC0-301F-11D3-BF4B-00C04F79EFBC}") = "indexr", "indexr\indexr.csproj", "{48A6E4FA-B703-4452-BA66-36A481EB4C19}"
EndProject
Global
	GlobalSection(SolutionConfigurationPlatforms) = preSolution
		Debug|Any CPU = Debug|Any CPU
		Release|Any CPU = Release|Any CPU
	EndGlobalSection
	GlobalSection(ProjectConfigurationPlatforms) = postSolution
		{48A6E4FA-B703-4452-BA66-36A481EB4C19}.Debug|Any CPU.ActiveCfg = Debug|Any CPU
		{48A6E4FA-B703-4452-BA66-36A481EB4C19}.Debug|Any CPU.Build.0 = Debug|Any CPU
		{48A6E4FA-B703-4452-BA66-36A481EB4C19}.Release|Any CPU.ActiveCfg = Release|Any CPU
		{48A6E4FA-B703-4452-BA66-36A481EB4C19}.Release|Any CPU.Build.0 = Release|Any CPU
	EndGlobalSection
	GlobalSection(SolutionProperties) = preSolution
		HideSolutionNode = FALSE
	EndGlobalSection
	GlobalSection(ExtensibilityGlobals) = postSolution
		SolutionGuid = {6E3E2564-8701-48C3-91AF-43C0CD3124B6}
	EndGlobalSection
EndGlobal
