
Microsoft Visual Studio Solution File, Format Version 12.00
# Visual Studio Version 17
VisualStudioVersion = 17.5.33424.131
MinimumVisualStudioVersion = 10.0.40219.1
Project("{FAE04EC0-301F-11D3-BF4B-00C04F79EFBC}") = "ThenBy", "ThenBy\ThenBy.csproj", "{C7861451-A188-45BD-9569-44AAC5A7EB1B}"
EndProject
Global
	GlobalSection(SolutionConfigurationPlatforms) = preSolution
		Debug|Any CPU = Debug|Any CPU
		Release|Any CPU = Release|Any CPU
	EndGlobalSection
	GlobalSection(ProjectConfigurationPlatforms) = postSolution
		{C7861451-A188-45BD-9569-44AAC5A7EB1B}.Debug|Any CPU.ActiveCfg = Debug|Any CPU
		{C7861451-A188-45BD-9569-44AAC5A7EB1B}.Debug|Any CPU.Build.0 = Debug|Any CPU
		{C7861451-A188-45BD-9569-44AAC5A7EB1B}.Release|Any CPU.ActiveCfg = Release|Any CPU
		{C7861451-A188-45BD-9569-44AAC5A7EB1B}.Release|Any CPU.Build.0 = Release|Any CPU
	EndGlobalSection
	GlobalSection(SolutionProperties) = preSolution
		HideSolutionNode = FALSE
	EndGlobalSection
	GlobalSection(ExtensibilityGlobals) = postSolution
		SolutionGuid = {7A19DC27-9307-4A28-9423-D52CC3A36B13}
	EndGlobalSection
EndGlobal
