
Microsoft Visual Studio Solution File, Format Version 12.00
# Visual Studio Version 17
VisualStudioVersion = 17.5.33424.131
MinimumVisualStudioVersion = 10.0.40219.1
Project("{FAE04EC0-301F-11D3-BF4B-00C04F79EFBC}") = "ToLookupOperator", "ToLookupOperator\ToLookupOperator.csproj", "{0D28C143-2F42-445F-98ED-0382390B50CC}"
EndProject
Global
	GlobalSection(SolutionConfigurationPlatforms) = preSolution
		Debug|Any CPU = Debug|Any CPU
		Release|Any CPU = Release|Any CPU
	EndGlobalSection
	GlobalSection(ProjectConfigurationPlatforms) = postSolution
		{0D28C143-2F42-445F-98ED-0382390B50CC}.Debug|Any CPU.ActiveCfg = Debug|Any CPU
		{0D28C143-2F42-445F-98ED-0382390B50CC}.Debug|Any CPU.Build.0 = Debug|Any CPU
		{0D28C143-2F42-445F-98ED-0382390B50CC}.Release|Any CPU.ActiveCfg = Release|Any CPU
		{0D28C143-2F42-445F-98ED-0382390B50CC}.Release|Any CPU.Build.0 = Release|Any CPU
	EndGlobalSection
	GlobalSection(SolutionProperties) = preSolution
		HideSolutionNode = FALSE
	EndGlobalSection
	GlobalSection(ExtensibilityGlobals) = postSolution
		SolutionGuid = {BA57F27A-4970-444D-A3C7-C0CEE0D50B8E}
	EndGlobalSection
EndGlobal
