
Microsoft Visual Studio Solution File, Format Version 12.00
# Visual Studio Version 17
VisualStudioVersion = 17.5.33424.131
MinimumVisualStudioVersion = 10.0.40219.1
Project("{FAE04EC0-301F-11D3-BF4B-00C04F79EFBC}") = "OrderBy&OrderByDescending", "OrderBy&OrderByDescending\OrderBy&OrderByDescending.csproj", "{721D0F76-5E21-44BB-80C0-2711F2B29A28}"
EndProject
Global
	GlobalSection(SolutionConfigurationPlatforms) = preSolution
		Debug|Any CPU = Debug|Any CPU
		Release|Any CPU = Release|Any CPU
	EndGlobalSection
	GlobalSection(ProjectConfigurationPlatforms) = postSolution
		{721D0F76-5E21-44BB-80C0-2711F2B29A28}.Debug|Any CPU.ActiveCfg = Debug|Any CPU
		{721D0F76-5E21-44BB-80C0-2711F2B29A28}.Debug|Any CPU.Build.0 = Debug|Any CPU
		{721D0F76-5E21-44BB-80C0-2711F2B29A28}.Release|Any CPU.ActiveCfg = Release|Any CPU
		{721D0F76-5E21-44BB-80C0-2711F2B29A28}.Release|Any CPU.Build.0 = Release|Any CPU
	EndGlobalSection
	GlobalSection(SolutionProperties) = preSolution
		HideSolutionNode = FALSE
	EndGlobalSection
	GlobalSection(ExtensibilityGlobals) = postSolution
		SolutionGuid = {58DFFA10-F281-48BA-99F4-AA7F46B6402B}
	EndGlobalSection
EndGlobal
