
Microsoft Visual Studio Solution File, Format Version 12.00
# Visual Studio Version 17
VisualStudioVersion = 17.5.33424.131
MinimumVisualStudioVersion = 10.0.40219.1
Project("{FAE04EC0-301F-11D3-BF4B-00C04F79EFBC}") = "RangeMethod", "RangeMethod\RangeMethod.csproj", "{1FCBD6E1-713B-44A3-BD1A-33C3B451AC96}"
EndProject
Global
	GlobalSection(SolutionConfigurationPlatforms) = preSolution
		Debug|Any CPU = Debug|Any CPU
		Release|Any CPU = Release|Any CPU
	EndGlobalSection
	GlobalSection(ProjectConfigurationPlatforms) = postSolution
		{1FCBD6E1-713B-44A3-BD1A-33C3B451AC96}.Debug|Any CPU.ActiveCfg = Debug|Any CPU
		{1FCBD6E1-713B-44A3-BD1A-33C3B451AC96}.Debug|Any CPU.Build.0 = Debug|Any CPU
		{1FCBD6E1-713B-44A3-BD1A-33C3B451AC96}.Release|Any CPU.ActiveCfg = Release|Any CPU
		{1FCBD6E1-713B-44A3-BD1A-33C3B451AC96}.Release|Any CPU.Build.0 = Release|Any CPU
	EndGlobalSection
	GlobalSection(SolutionProperties) = preSolution
		HideSolutionNode = FALSE
	EndGlobalSection
	GlobalSection(ExtensibilityGlobals) = postSolution
		SolutionGuid = {F37B96FB-C3DB-4BD8-A8FD-406C7CEB7DDE}
	EndGlobalSection
EndGlobal
